
Microsoft Visual Studio Solution File, Format Version 12.00
# Visual Studio Version 17
VisualStudioVersion = 17.5.002.0
MinimumVisualStudioVersion = 10.0.40219.1
Project("{9A19103F-16F7-4668-BE54-9A1E7A4F7556}") = "estudos", "estudos.csproj", "{62B8E9EE-9953-46EB-8414-62BDD8E1B161}"
EndProject
Global
	GlobalSection(SolutionConfigurationPlatforms) = preSolution
		Debug|Any CPU = Debug|Any CPU
		Release|Any CPU = Release|Any CPU
	EndGlobalSection
	GlobalSection(ProjectConfigurationPlatforms) = postSolution
		{62B8E9EE-9953-46EB-8414-62BDD8E1B161}.Debug|Any CPU.ActiveCfg = Debug|Any CPU
		{62B8E9EE-9953-46EB-8414-62BDD8E1B161}.Debug|Any CPU.Build.0 = Debug|Any CPU
		{62B8E9EE-9953-46EB-8414-62BDD8E1B161}.Release|Any CPU.ActiveCfg = Release|Any CPU
		{62B8E9EE-9953-46EB-8414-62BDD8E1B161}.Release|Any CPU.Build.0 = Release|Any CPU
	EndGlobalSection
	GlobalSection(SolutionProperties) = preSolution
		HideSolutionNode = FALSE
	EndGlobalSection
	GlobalSection(ExtensibilityGlobals) = postSolution
		SolutionGuid = {BC1DFA64-067D-4B3B-BB6F-BD44CC0A84EE}
	EndGlobalSection
EndGlobal
